<<<<<<< Updated upstream
﻿
Microsoft Visual Studio Solution File, Format Version 11.00
# Visual Studio 2010
Project("{FAE04EC0-301F-11D3-BF4B-00C04F79EFBC}") = "Assembly-CSharp", "Assembly-CSharp.csproj", "{97908db6-9cee-d9f0-ddde-6f93ed73b722}"
EndProject
Global
	GlobalSection(SolutionConfigurationPlatforms) = preSolution
		Debug|Any CPU = Debug|Any CPU
	EndGlobalSection
	GlobalSection(ProjectConfigurationPlatforms) = postSolution
		{97908db6-9cee-d9f0-ddde-6f93ed73b722}.Debug|Any CPU.ActiveCfg = Debug|Any CPU
		{97908db6-9cee-d9f0-ddde-6f93ed73b722}.Debug|Any CPU.Build.0 = Debug|Any CPU
	EndGlobalSection
	GlobalSection(SolutionProperties) = preSolution
		HideSolutionNode = FALSE
	EndGlobalSection
EndGlobal
=======
﻿
Microsoft Visual Studio Solution File, Format Version 12.00
# Visual Studio 15
Project("{FAE04EC0-301F-11D3-BF4B-00C04F79EFBC}") = "Assembly-CSharp", "Assembly-CSharp.csproj", "{B68D9097-EE9C-F0D9-DDDE-6F93ED73B722}"
EndProject
Global
	GlobalSection(SolutionConfigurationPlatforms) = preSolution
		Debug|Any CPU = Debug|Any CPU
		Release|Any CPU = Release|Any CPU
	EndGlobalSection
	GlobalSection(ProjectConfigurationPlatforms) = postSolution
		{B68D9097-EE9C-F0D9-DDDE-6F93ED73B722}.Debug|Any CPU.ActiveCfg = Debug|Any CPU
		{B68D9097-EE9C-F0D9-DDDE-6F93ED73B722}.Debug|Any CPU.Build.0 = Debug|Any CPU
		{B68D9097-EE9C-F0D9-DDDE-6F93ED73B722}.Release|Any CPU.ActiveCfg = Release|Any CPU
		{B68D9097-EE9C-F0D9-DDDE-6F93ED73B722}.Release|Any CPU.Build.0 = Release|Any CPU
	EndGlobalSection
	GlobalSection(SolutionProperties) = preSolution
		HideSolutionNode = FALSE
	EndGlobalSection
EndGlobal
>>>>>>> Stashed changes
